{
  "name": "single-spa-ts",
  "version": "1.0.0",
  "lockfileVersion": 2,
  "requires": true,
  "packages": {
    "": {
      "name": "single-spa-ts",
      "version": "1.0.0",
      "license": "ISC",
      "dependencies": {
        "single-spa": "^6.0.0-beta.3",
        "single-spa-layout": "^2.1.0",
        "typescript": "^5.0.4"
      }
    },
    "node_modules/@types/parse5": {
      "version": "6.0.3",
      "resolved": "https://registry.npmjs.org/@types/parse5/-/parse5-6.0.3.tgz",
      "integrity": "sha512-SuT16Q1K51EAVPz1K29DJ/sXjhSQ0zjvsypYJ6tlwVsRV9jwW5Adq2ch8Dq8kDBCkYnELS7N7VNCSB5nC56t/g=="
    },
    "node_modules/merge2": {
      "version": "1.4.1",
      "resolved": "https://registry.npmjs.org/merge2/-/merge2-1.4.1.tgz",
      "integrity": "sha512-8q7VEgMJW4J8tcfVPy8g09NcQwZdbwFEqhe/WZkoIzjn/3TGDwtOCYtXGxA3O8tPzpczCCDgv+P2P5y00ZJOOg==",
      "engines": {
        "node": ">= 8"
      }
    },
    "node_modules/parse5": {
      "version": "6.0.1",
      "resolved": "https://registry.npmjs.org/parse5/-/parse5-6.0.1.tgz",
      "integrity": "sha512-Ofn/CTFzRGTTxwpNEs9PP93gXShHcTq255nzRYSKe8AkVpZY7e1fpmTfOyoIvjP5HG7Z2ZM7VS9PPhQGW2pOpw=="
    },
    "node_modules/single-spa": {
      "version": "6.0.0-beta.3",
      "resolved": "https://registry.npmjs.org/single-spa/-/single-spa-6.0.0-beta.3.tgz",
      "integrity": "sha512-nyRyqq88hBF+X9y2JZrrOcypYhLV3ziRGyU9hiW+EQEU3FmkmWy9eU2DEC1Q1C3XEKv2Of/khHfanT/q2LNWSw=="
    },
    "node_modules/single-spa-layout": {
      "version": "2.1.0",
      "resolved": "https://registry.npmjs.org/single-spa-layout/-/single-spa-layout-2.1.0.tgz",
      "integrity": "sha512-OtacG0uc+4BGwfc5Geu9m8EG/ngR7Y08Q1kx2jE3RkRBZFNOryWPD6muiH3d2FeeT+ZrWkS1RiNdzWpOXkVVfw==",
      "dependencies": {
        "@types/parse5": "^6.0.0",
        "merge2": "^1.4.1",
        "parse5": "^6.0.1",
        "single-spa": "^6.0.0-beta.1"
      },
      "engines": {
        "node": ">=12"
      }
    },
    "node_modules/typescript": {
      "version": "5.0.4",
      "resolved": "https://registry.npmjs.org/typescript/-/typescript-5.0.4.tgz",
      "integrity": "sha512-cW9T5W9xY37cc+jfEnaUvX91foxtHkza3Nw3wkoF4sSlKn0MONdkdEndig/qPBWXNkmplh3NzayQzCiHM4/hqw==",
      "bin": {
        "tsc": "bin/tsc",
        "tsserver": "bin/tsserver"
      },
      "engines": {
        "node": ">=12.20"
      }
    }
  },
  "dependencies": {
    "@types/parse5": {
      "version": "6.0.3",
      "resolved": "https://registry.npmjs.org/@types/parse5/-/parse5-6.0.3.tgz",
      "integrity": "sha512-SuT16Q1K51EAVPz1K29DJ/sXjhSQ0zjvsypYJ6tlwVsRV9jwW5Adq2ch8Dq8kDBCkYnELS7N7VNCSB5nC56t/g=="
    },
    "merge2": {
      "version": "1.4.1",
      "resolved": "https://registry.npmjs.org/merge2/-/merge2-1.4.1.tgz",
      "integrity": "sha512-8q7VEgMJW4J8tcfVPy8g09NcQwZdbwFEqhe/WZkoIzjn/3TGDwtOCYtXGxA3O8tPzpczCCDgv+P2P5y00ZJOOg=="
    },
    "parse5": {
      "version": "6.0.1",
      "resolved": "https://registry.npmjs.org/parse5/-/parse5-6.0.1.tgz",
      "integrity": "sha512-Ofn/CTFzRGTTxwpNEs9PP93gXShHcTq255nzRYSKe8AkVpZY7e1fpmTfOyoIvjP5HG7Z2ZM7VS9PPhQGW2pOpw=="
    },
    "single-spa": {
      "version": "6.0.0-beta.3",
      "resolved": "https://registry.npmjs.org/single-spa/-/single-spa-6.0.0-beta.3.tgz",
      "integrity": "sha512-nyRyqq88hBF+X9y2JZrrOcypYhLV3ziRGyU9hiW+EQEU3FmkmWy9eU2DEC1Q1C3XEKv2Of/khHfanT/q2LNWSw=="
    },
    "single-spa-layout": {
      "version": "2.1.0",
      "resolved": "https://registry.npmjs.org/single-spa-layout/-/single-spa-layout-2.1.0.tgz",
      "integrity": "sha512-OtacG0uc+4BGwfc5Geu9m8EG/ngR7Y08Q1kx2jE3RkRBZFNOryWPD6muiH3d2FeeT+ZrWkS1RiNdzWpOXkVVfw==",
      "requires": {
        "@types/parse5": "^6.0.0",
        "merge2": "^1.4.1",
        "parse5": "^6.0.1",
        "single-spa": "^6.0.0-beta.1"
      }
    },
    "typescript": {
      "version": "5.0.4",
      "resolved": "https://registry.npmjs.org/typescript/-/typescript-5.0.4.tgz",
      "integrity": "sha512-cW9T5W9xY37cc+jfEnaUvX91foxtHkza3Nw3wkoF4sSlKn0MONdkdEndig/qPBWXNkmplh3NzayQzCiHM4/hqw=="
    }
  }
}
